
Microsoft Visual Studio Solution File, Format Version 12.00
# Visual Studio 14
VisualStudioVersion = 14.0.23107.0
MinimumVisualStudioVersion = 10.0.40219.1
Project("{FAE04EC0-301F-11D3-BF4B-00C04F79EFBC}") = "Task5", "Task5\Task5.csproj", "{42F7E773-72C8-4EAD-86A3-1C7934AE0F91}"
EndProject
Project("{FAE04EC0-301F-11D3-BF4B-00C04F79EFBC}") = "Task5.NUnit.Tests", "Task5.NUnit.Tests\Task5.NUnit.Tests.csproj", "{B77F0268-AE98-49F1-A9E3-E997FDAB03C1}"
EndProject
Project("{FAE04EC0-301F-11D3-BF4B-00C04F79EFBC}") = "Task4", "Task4\Task4.csproj", "{A1F122ED-40AC-425D-BD7C-9D7B407F3D4B}"
EndProject
Project("{FAE04EC0-301F-11D3-BF4B-00C04F79EFBC}") = "Task4.NUnit.Tests", "Task4.NUnit.Tests\Task4.NUnit.Tests.csproj", "{16CDFD0F-D086-473E-AE1C-DAC8D62C57EC}"
EndProject
Project("{FAE04EC0-301F-11D3-BF4B-00C04F79EFBC}") = "Task2", "Task2\Task2.csproj", "{4D9BFDA8-922B-4463-B9ED-9807B08C3368}"
EndProject
Project("{FAE04EC0-301F-11D3-BF4B-00C04F79EFBC}") = "Task2.NUnit.Tests", "Task2.NUnit.Tests\Task2.NUnit.Tests.csproj", "{0FE384BE-1442-4F28-B557-7ABAC2D18783}"
EndProject
Project("{FAE04EC0-301F-11D3-BF4B-00C04F79EFBC}") = "Task3", "Task3\Task3.csproj", "{D9B89946-DF6F-49BD-8286-C33776EF7F61}"
EndProject
Project("{FAE04EC0-301F-11D3-BF4B-00C04F79EFBC}") = "Task3.NUnit.Tests", "Task3.NUnit.Tests\Task3.NUnit.Tests.csproj", "{55E34F34-EC8C-44D0-BAD3-DEE9C866E73D}"
EndProject
Project("{FAE04EC0-301F-11D3-BF4B-00C04F79EFBC}") = "Task1", "Task1\Task1.csproj", "{15AD3E71-97C4-4451-B828-ED4218B47E65}"
EndProject
Project("{FAE04EC0-301F-11D3-BF4B-00C04F79EFBC}") = "ConsoleUI", "ConsoleUI\ConsoleUI.csproj", "{586216A8-D416-4784-8F3A-2B5600AB230D}"
EndProject
Global
	GlobalSection(SolutionConfigurationPlatforms) = preSolution
		Debug|Any CPU = Debug|Any CPU
		Release|Any CPU = Release|Any CPU
	EndGlobalSection
	GlobalSection(ProjectConfigurationPlatforms) = postSolution
		{42F7E773-72C8-4EAD-86A3-1C7934AE0F91}.Debug|Any CPU.ActiveCfg = Debug|Any CPU
		{42F7E773-72C8-4EAD-86A3-1C7934AE0F91}.Debug|Any CPU.Build.0 = Debug|Any CPU
		{42F7E773-72C8-4EAD-86A3-1C7934AE0F91}.Release|Any CPU.ActiveCfg = Release|Any CPU
		{42F7E773-72C8-4EAD-86A3-1C7934AE0F91}.Release|Any CPU.Build.0 = Release|Any CPU
		{B77F0268-AE98-49F1-A9E3-E997FDAB03C1}.Debug|Any CPU.ActiveCfg = Debug|Any CPU
		{B77F0268-AE98-49F1-A9E3-E997FDAB03C1}.Debug|Any CPU.Build.0 = Debug|Any CPU
		{B77F0268-AE98-49F1-A9E3-E997FDAB03C1}.Release|Any CPU.ActiveCfg = Release|Any CPU
		{B77F0268-AE98-49F1-A9E3-E997FDAB03C1}.Release|Any CPU.Build.0 = Release|Any CPU
		{A1F122ED-40AC-425D-BD7C-9D7B407F3D4B}.Debug|Any CPU.ActiveCfg = Debug|Any CPU
		{A1F122ED-40AC-425D-BD7C-9D7B407F3D4B}.Debug|Any CPU.Build.0 = Debug|Any CPU
		{A1F122ED-40AC-425D-BD7C-9D7B407F3D4B}.Release|Any CPU.ActiveCfg = Release|Any CPU
		{A1F122ED-40AC-425D-BD7C-9D7B407F3D4B}.Release|Any CPU.Build.0 = Release|Any CPU
		{16CDFD0F-D086-473E-AE1C-DAC8D62C57EC}.Debug|Any CPU.ActiveCfg = Debug|Any CPU
		{16CDFD0F-D086-473E-AE1C-DAC8D62C57EC}.Debug|Any CPU.Build.0 = Debug|Any CPU
		{16CDFD0F-D086-473E-AE1C-DAC8D62C57EC}.Release|Any CPU.ActiveCfg = Release|Any CPU
		{16CDFD0F-D086-473E-AE1C-DAC8D62C57EC}.Release|Any CPU.Build.0 = Release|Any CPU
		{4D9BFDA8-922B-4463-B9ED-9807B08C3368}.Debug|Any CPU.ActiveCfg = Debug|Any CPU
		{4D9BFDA8-922B-4463-B9ED-9807B08C3368}.Debug|Any CPU.Build.0 = Debug|Any CPU
		{4D9BFDA8-922B-4463-B9ED-9807B08C3368}.Release|Any CPU.ActiveCfg = Release|Any CPU
		{4D9BFDA8-922B-4463-B9ED-9807B08C3368}.Release|Any CPU.Build.0 = Release|Any CPU
		{0FE384BE-1442-4F28-B557-7ABAC2D18783}.Debug|Any CPU.ActiveCfg = Debug|Any CPU
		{0FE384BE-1442-4F28-B557-7ABAC2D18783}.Debug|Any CPU.Build.0 = Debug|Any CPU
		{0FE384BE-1442-4F28-B557-7ABAC2D18783}.Release|Any CPU.ActiveCfg = Release|Any CPU
		{0FE384BE-1442-4F28-B557-7ABAC2D18783}.Release|Any CPU.Build.0 = Release|Any CPU
		{D9B89946-DF6F-49BD-8286-C33776EF7F61}.Debug|Any CPU.ActiveCfg = Debug|Any CPU
		{D9B89946-DF6F-49BD-8286-C33776EF7F61}.Debug|Any CPU.Build.0 = Debug|Any CPU
		{D9B89946-DF6F-49BD-8286-C33776EF7F61}.Release|Any CPU.ActiveCfg = Release|Any CPU
		{D9B89946-DF6F-49BD-8286-C33776EF7F61}.Release|Any CPU.Build.0 = Release|Any CPU
		{55E34F34-EC8C-44D0-BAD3-DEE9C866E73D}.Debug|Any CPU.ActiveCfg = Debug|Any CPU
		{55E34F34-EC8C-44D0-BAD3-DEE9C866E73D}.Debug|Any CPU.Build.0 = Debug|Any CPU
		{55E34F34-EC8C-44D0-BAD3-DEE9C866E73D}.Release|Any CPU.ActiveCfg = Release|Any CPU
		{55E34F34-EC8C-44D0-BAD3-DEE9C866E73D}.Release|Any CPU.Build.0 = Release|Any CPU
		{15AD3E71-97C4-4451-B828-ED4218B47E65}.Debug|Any CPU.ActiveCfg = Debug|Any CPU
		{15AD3E71-97C4-4451-B828-ED4218B47E65}.Debug|Any CPU.Build.0 = Debug|Any CPU
		{15AD3E71-97C4-4451-B828-ED4218B47E65}.Release|Any CPU.ActiveCfg = Release|Any CPU
		{15AD3E71-97C4-4451-B828-ED4218B47E65}.Release|Any CPU.Build.0 = Release|Any CPU
		{586216A8-D416-4784-8F3A-2B5600AB230D}.Debug|Any CPU.ActiveCfg = Debug|Any CPU
		{586216A8-D416-4784-8F3A-2B5600AB230D}.Debug|Any CPU.Build.0 = Debug|Any CPU
		{586216A8-D416-4784-8F3A-2B5600AB230D}.Release|Any CPU.ActiveCfg = Release|Any CPU
		{586216A8-D416-4784-8F3A-2B5600AB230D}.Release|Any CPU.Build.0 = Release|Any CPU
	EndGlobalSection
	GlobalSection(SolutionProperties) = preSolution
		HideSolutionNode = FALSE
	EndGlobalSection
EndGlobal
